
Microsoft Visual Studio Solution File, Format Version 12.00
# Visual Studio Version 17
VisualStudioVersion = 17.1.32421.90
MinimumVisualStudioVersion = 10.0.40219.1
Project("{FAE04EC0-301F-11D3-BF4B-00C04F79EFBC}") = "Cw10", "Cw10\Cw10.csproj", "{F8415F4F-A943-4E6E-9BEC-97915A3C7589}"
EndProject
Global
	GlobalSection(SolutionConfigurationPlatforms) = preSolution
		Debug|Any CPU = Debug|Any CPU
		Release|Any CPU = Release|Any CPU
	EndGlobalSection
	GlobalSection(ProjectConfigurationPlatforms) = postSolution
		{F8415F4F-A943-4E6E-9BEC-97915A3C7589}.Debug|Any CPU.ActiveCfg = Debug|Any CPU
		{F8415F4F-A943-4E6E-9BEC-97915A3C7589}.Debug|Any CPU.Build.0 = Debug|Any CPU
		{F8415F4F-A943-4E6E-9BEC-97915A3C7589}.Release|Any CPU.ActiveCfg = Release|Any CPU
		{F8415F4F-A943-4E6E-9BEC-97915A3C7589}.Release|Any CPU.Build.0 = Release|Any CPU
	EndGlobalSection
	GlobalSection(SolutionProperties) = preSolution
		HideSolutionNode = FALSE
	EndGlobalSection
	GlobalSection(ExtensibilityGlobals) = postSolution
		SolutionGuid = {4592AAB0-6299-45A9-9F5D-E3B13A0375AF}
	EndGlobalSection
EndGlobal
